{
  "name": "global-react-components",
  "version": "1.0.15",
  "lockfileVersion": 1,
  "requires": true,
  "dependencies": {
    "npm-version": {
      "version": "1.1.0",
      "resolved": "https://registry.npmjs.org/npm-version/-/npm-version-1.1.0.tgz",
      "integrity": "sha1-KWDADRiFqUuVQ1FS66w6i5/L9bU=",
      "dev": true,
      "requires": {
        "semver": "^3.0.1"
      }
    },
    "semver": {
      "version": "3.0.1",
      "resolved": "https://registry.npmjs.org/semver/-/semver-3.0.1.tgz",
      "integrity": "sha1-cgrAElFaJS+R+w3S6ZpWpw1s8Hg=",
      "dev": true
    }
  }
}
